// !$*UTF8*$!
{
	archiveVersion = 1;
	classes = {
	};
	objectVersion = 46;
	objects = {

/* Begin PBXBuildFile section */
		F0E9F0FD1DE2A43F001C96B5 /* AppDelegate.swift in Sources */ = {isa = PBXBuildFile; fileRef = F0E9F0FC1DE2A43F001C96B5 /* AppDelegate.swift */; };
		F0E9F0FF1DE2A43F001C96B5 /* MasterViewController.swift in Sources */ = {isa = PBXBuildFile; fileRef = F0E9F0FE1DE2A43F001C96B5 /* MasterViewController.swift */; };
		F0E9F1011DE2A43F001C96B5 /* DetailViewController.swift in Sources */ = {isa = PBXBuildFile; fileRef = F0E9F1001DE2A43F001C96B5 /* DetailViewController.swift */; };
		F0E9F1041DE2A43F001C96B5 /* Main.storyboard in Resources */ = {isa = PBXBuildFile; fileRef = F0E9F1021DE2A43F001C96B5 /* Main.storyboard */; };
		F0E9F1061DE2A43F001C96B5 /* Assets.xcassets in Resources */ = {isa = PBXBuildFile; fileRef = F0E9F1051DE2A43F001C96B5 /* Assets.xcassets */; };
		F0E9F1091DE2A43F001C96B5 /* LaunchScreen.storyboard in Resources */ = {isa = PBXBuildFile; fileRef = F0E9F1071DE2A43F001C96B5 /* LaunchScreen.storyboard */; };
		F0E9F1141DE2A43F001C96B5 /* SwiftRssSampleTests.swift in Sources */ = {isa = PBXBuildFile; fileRef = F0E9F1131DE2A43F001C96B5 /* SwiftRssSampleTests.swift */; };
		F0E9F11F1DE2A43F001C96B5 /* SwiftRssSampleUITests.swift in Sources */ = {isa = PBXBuildFile; fileRef = F0E9F11E1DE2A43F001C96B5 /* SwiftRssSampleUITests.swift */; };
/* End PBXBuildFile section */

/* Begin PBXContainerItemProxy section */
		F0E9F1101DE2A43F001C96B5 /* PBXContainerItemProxy */ = {
			isa = PBXContainerItemProxy;
			containerPortal = F0E9F0F11DE2A43F001C96B5 /* Project object */;
			proxyType = 1;
			remoteGlobalIDString = F0E9F0F81DE2A43F001C96B5;
			remoteInfo = SwiftRssSample;
		};
		F0E9F11B1DE2A43F001C96B5 /* PBXContainerItemProxy */ = {
			isa = PBXContainerItemProxy;
			containerPortal = F0E9F0F11DE2A43F001C96B5 /* Project object */;
			proxyType = 1;
			remoteGlobalIDString = F0E9F0F81DE2A43F001C96B5;
			remoteInfo = SwiftRssSample;
		};
/* End PBXContainerItemProxy section */

/* Begin PBXFileReference section */
		F0E9F0F91DE2A43F001C96B5 /* SwiftRssSample.app */ = {isa = PBXFileReference; explicitFileType = wrapper.application; includeInIndex = 0; path = SwiftRssSample.app; sourceTree = BUILT_PRODUCTS_DIR; };
		F0E9F0FC1DE2A43F001C96B5 /* AppDelegate.swift */ = {isa = PBXFileReference; lastKnownFileType = sourcecode.swift; path = AppDelegate.swift; sourceTree = "<group>"; };
		F0E9F0FE1DE2A43F001C96B5 /* MasterViewController.swift */ = {isa = PBXFileReference; lastKnownFileType = sourcecode.swift; path = MasterViewController.swift; sourceTree = "<group>"; };
		F0E9F1001DE2A43F001C96B5 /* DetailViewController.swift */ = {isa = PBXFileReference; lastKnownFileType = sourcecode.swift; path = DetailViewController.swift; sourceTree = "<group>"; };
		F0E9F1031DE2A43F001C96B5 /* Base */ = {isa = PBXFileReference; lastKnownFileType = file.storyboard; name = Base; path = Base.lproj/Main.storyboard; sourceTree = "<group>"; };
		F0E9F1051DE2A43F001C96B5 /* Assets.xcassets */ = {isa = PBXFileReference; lastKnownFileType = folder.assetcatalog; path = Assets.xcassets; sourceTree = "<group>"; };
		F0E9F1081DE2A43F001C96B5 /* Base */ = {isa = PBXFileReference; lastKnownFileType = file.storyboard; name = Base; path = Base.lproj/LaunchScreen.storyboard; sourceTree = "<group>"; };
		F0E9F10A1DE2A43F001C96B5 /* Info.plist */ = {isa = PBXFileReference; lastKnownFileType = text.plist.xml; path = Info.plist; sourceTree = "<group>"; };
		F0E9F10F1DE2A43F001C96B5 /* SwiftRssSampleTests.xctest */ = {isa = PBXFileReference; explicitFileType = wrapper.cfbundle; includeInIndex = 0; path = SwiftRssSampleTests.xctest; sourceTree = BUILT_PRODUCTS_DIR; };
		F0E9F1131DE2A43F001C96B5 /* SwiftRssSampleTests.swift */ = {isa = PBXFileReference; lastKnownFileType = sourcecode.swift; path = SwiftRssSampleTests.swift; sourceTree = "<group>"; };
		F0E9F1151DE2A43F001C96B5 /* Info.plist */ = {isa = PBXFileReference; lastKnownFileType = text.plist.xml; path = Info.plist; sourceTree = "<group>"; };
		F0E9F11A1DE2A43F001C96B5 /* SwiftRssSampleUITests.xctest */ = {isa = PBXFileReference; explicitFileType = wrapper.cfbundle; includeInIndex = 0; path = SwiftRssSampleUITests.xctest; sourceTree = BUILT_PRODUCTS_DIR; };
		F0E9F11E1DE2A43F001C96B5 /* SwiftRssSampleUITests.swift */ = {isa = PBXFileReference; lastKnownFileType = sourcecode.swift; path = SwiftRssSampleUITests.swift; sourceTree = "<group>"; };
		F0E9F1201DE2A43F001C96B5 /* Info.plist */ = {isa = PBXFileReference; lastKnownFileType = text.plist.xml; path = Info.plist; sourceTree = "<group>"; };
/* End PBXFileReference section */

/* Begin PBXFrameworksBuildPhase section */
		F0E9F0F61DE2A43F001C96B5 /* Frameworks */ = {
			isa = PBXFrameworksBuildPhase;
			buildActionMask = 2147483647;
			files = (
			);
			runOnlyForDeploymentPostprocessing = 0;
		};
		F0E9F10C1DE2A43F001C96B5 /* Frameworks */ = {
			isa = PBXFrameworksBuildPhase;
			buildActionMask = 2147483647;
			files = (
			);
			runOnlyForDeploymentPostprocessing = 0;
		};
		F0E9F1171DE2A43F001C96B5 /* Frameworks */ = {
			isa = PBXFrameworksBuildPhase;
			buildActionMask = 2147483647;
			files = (
			);
			runOnlyForDeploymentPostprocessing = 0;
		};
/* End PBXFrameworksBuildPhase section */

/* Begin PBXGroup section */
		F0E9F0F01DE2A43F001C96B5 = {
			isa = PBXGroup;
			children = (
				F0E9F0FB1DE2A43F001C96B5 /* SwiftRssSample */,
				F0E9F1121DE2A43F001C96B5 /* SwiftRssSampleTests */,
				F0E9F11D1DE2A43F001C96B5 /* SwiftRssSampleUITests */,
				F0E9F0FA1DE2A43F001C96B5 /* Products */,
			);
			sourceTree = "<group>";
		};
		F0E9F0FA1DE2A43F001C96B5 /* Products */ = {
			isa = PBXGroup;
			children = (
				F0E9F0F91DE2A43F001C96B5 /* SwiftRssSample.app */,
				F0E9F10F1DE2A43F001C96B5 /* SwiftRssSampleTests.xctest */,
				F0E9F11A1DE2A43F001C96B5 /* SwiftRssSampleUITests.xctest */,
			);
			name = Products;
			sourceTree = "<group>";
		};
		F0E9F0FB1DE2A43F001C96B5 /* SwiftRssSample */ = {
			isa = PBXGroup;
			children = (
				F0E9F0FC1DE2A43F001C96B5 /* AppDelegate.swift */,
				F0E9F0FE1DE2A43F001C96B5 /* MasterViewController.swift */,
				F0E9F1001DE2A43F001C96B5 /* DetailViewController.swift */,
				F0E9F1021DE2A43F001C96B5 /* Main.storyboard */,
				F0E9F1051DE2A43F001C96B5 /* Assets.xcassets */,
				F0E9F1071DE2A43F001C96B5 /* LaunchScreen.storyboard */,
				F0E9F10A1DE2A43F001C96B5 /* Info.plist */,
			);
			path = SwiftRssSample;
			sourceTree = "<group>";
		};
		F0E9F1121DE2A43F001C96B5 /* SwiftRssSampleTests */ = {
			isa = PBXGroup;
			children = (
				F0E9F1131DE2A43F001C96B5 /* SwiftRssSampleTests.swift */,
				F0E9F1151DE2A43F001C96B5 /* Info.plist */,
			);
			path = SwiftRssSampleTests;
			sourceTree = "<group>";
		};
		F0E9F11D1DE2A43F001C96B5 /* SwiftRssSampleUITests */ = {
			isa = PBXGroup;
			children = (
				F0E9F11E1DE2A43F001C96B5 /* SwiftRssSampleUITests.swift */,
				F0E9F1201DE2A43F001C96B5 /* Info.plist */,
			);
			path = SwiftRssSampleUITests;
			sourceTree = "<group>";
		};
/* End PBXGroup section */

/* Begin PBXNativeTarget section */
		F0E9F0F81DE2A43F001C96B5 /* SwiftRssSample */ = {
			isa = PBXNativeTarget;
			buildConfigurationList = F0E9F1231DE2A43F001C96B5 /* Build configuration list for PBXNativeTarget "SwiftRssSample" */;
			buildPhases = (
				F0E9F0F51DE2A43F001C96B5 /* Sources */,
				F0E9F0F61DE2A43F001C96B5 /* Frameworks */,
				F0E9F0F71DE2A43F001C96B5 /* Resources */,
			);
			buildRules = (
			);
			dependencies = (
			);
			name = SwiftRssSample;
			productName = SwiftRssSample;
			productReference = F0E9F0F91DE2A43F001C96B5 /* SwiftRssSample.app */;
			productType = "com.apple.product-type.application";
		};
		F0E9F10E1DE2A43F001C96B5 /* SwiftRssSampleTests */ = {
			isa = PBXNativeTarget;
			buildConfigurationList = F0E9F1261DE2A43F001C96B5 /* Build configuration list for PBXNativeTarget "SwiftRssSampleTests" */;
			buildPhases = (
				F0E9F10B1DE2A43F001C96B5 /* Sources */,
				F0E9F10C1DE2A43F001C96B5 /* Frameworks */,
				F0E9F10D1DE2A43F001C96B5 /* Resources */,
			);
			buildRules = (
			);
			dependencies = (
				F0E9F1111DE2A43F001C96B5 /* PBXTargetDependency */,
			);
			name = SwiftRssSampleTests;
			productName = SwiftRssSampleTests;
			productReference = F0E9F10F1DE2A43F001C96B5 /* SwiftRssSampleTests.xctest */;
			productType = "com.apple.product-type.bundle.unit-test";
		};
		F0E9F1191DE2A43F001C96B5 /* SwiftRssSampleUITests */ = {
			isa = PBXNativeTarget;
			buildConfigurationList = F0E9F1291DE2A43F001C96B5 /* Build configuration list for PBXNativeTarget "SwiftRssSampleUITests" */;
			buildPhases = (
				F0E9F1161DE2A43F001C96B5 /* Sources */,
				F0E9F1171DE2A43F001C96B5 /* Frameworks */,
				F0E9F1181DE2A43F001C96B5 /* Resources */,
			);
			buildRules = (
			);
			dependencies = (
				F0E9F11C1DE2A43F001C96B5 /* PBXTargetDependency */,
			);
			name = SwiftRssSampleUITests;
			productName = SwiftRssSampleUITests;
			productReference = F0E9F11A1DE2A43F001C96B5 /* SwiftRssSampleUITests.xctest */;
			productType = "com.apple.product-type.bundle.ui-testing";
		};
/* End PBXNativeTarget section */

/* Begin PBXProject section */
		F0E9F0F11DE2A43F001C96B5 /* Project object */ = {
			isa = PBXProject;
			attributes = {
				LastSwiftUpdateCheck = 0810;
				LastUpgradeCheck = 0810;
				ORGANIZATIONNAME = WataruSuzuki;
				TargetAttributes = {
					F0E9F0F81DE2A43F001C96B5 = {
						CreatedOnToolsVersion = 8.1;
						DevelopmentTeam = F35G39V2UB;
						ProvisioningStyle = Automatic;
					};
					F0E9F10E1DE2A43F001C96B5 = {
						CreatedOnToolsVersion = 8.1;
						DevelopmentTeam = F35G39V2UB;
						ProvisioningStyle = Automatic;
						TestTargetID = F0E9F0F81DE2A43F001C96B5;
					};
					F0E9F1191DE2A43F001C96B5 = {
						CreatedOnToolsVersion = 8.1;
						DevelopmentTeam = F35G39V2UB;
						ProvisioningStyle = Automatic;
						TestTargetID = F0E9F0F81DE2A43F001C96B5;
					};
				};
			};
			buildConfigurationList = F0E9F0F41DE2A43F001C96B5 /* Build configuration list for PBXProject "SwiftRssSample" */;
			compatibilityVersion = "Xcode 3.2";
			developmentRegion = English;
			hasScannedForEncodings = 0;
			knownRegions = (
				en,
				Base,
			);
			mainGroup = F0E9F0F01DE2A43F001C96B5;
			productRefGroup = F0E9F0FA1DE2A43F001C96B5 /* Products */;
			projectDirPath = "";
			projectRoot = "";
			targets = (
				F0E9F0F81DE2A43F001C96B5 /* SwiftRssSample */,
				F0E9F10E1DE2A43F001C96B5 /* SwiftRssSampleTests */,
				F0E9F1191DE2A43F001C96B5 /* SwiftRssSampleUITests */,
			);
		};
/* End PBXProject section */

/* Begin PBXResourcesBuildPhase section */
		F0E9F0F71DE2A43F001C96B5 /* Resources */ = {
			isa = PBXResourcesBuildPhase;
			buildActionMask = 2147483647;
			files = (
				F0E9F1091DE2A43F001C96B5 /* LaunchScreen.storyboard in Resources */,
				F0E9F1061DE2A43F001C96B5 /* Assets.xcassets in Resources */,
				F0E9F1041DE2A43F001C96B5 /* Main.storyboard in Resources */,
			);
			runOnlyForDeploymentPostprocessing = 0;
		};
		F0E9F10D1DE2A43F001C96B5 /* Resources */ = {
			isa = PBXResourcesBuildPhase;
			buildActionMask = 2147483647;
			files = (
			);
			runOnlyForDeploymentPostprocessing = 0;
		};
		F0E9F1181DE2A43F001C96B5 /* Resources */ = {
			isa = PBXResourcesBuildPhase;
			buildActionMask = 2147483647;
			files = (
			);
			runOnlyForDeploymentPostprocessing = 0;
		};
/* End PBXResourcesBuildPhase section */

/* Begin PBXSourcesBuildPhase section */
		F0E9F0F51DE2A43F001C96B5 /* Sources */ = {
			isa = PBXSourcesBuildPhase;
			buildActionMask = 2147483647;
			files = (
				F0E9F1011DE2A43F001C96B5 /* DetailViewController.swift in Sources */,
				F0E9F0FF1DE2A43F001C96B5 /* MasterViewController.swift in Sources */,
				F0E9F0FD1DE2A43F001C96B5 /* AppDelegate.swift in Sources */,
			);
			runOnlyForDeploymentPostprocessing = 0;
		};
		F0E9F10B1DE2A43F001C96B5 /* Sources */ = {
			isa = PBXSourcesBuildPhase;
			buildActionMask = 2147483647;
			files = (
				F0E9F1141DE2A43F001C96B5 /* SwiftRssSampleTests.swift in Sources */,
			);
			runOnlyForDeploymentPostprocessing = 0;
		};
		F0E9F1161DE2A43F001C96B5 /* Sources */ = {
			isa = PBXSourcesBuildPhase;
			buildActionMask = 2147483647;
			files = (
				F0E9F11F1DE2A43F001C96B5 /* SwiftRssSampleUITests.swift in Sources */,
			);
			runOnlyForDeploymentPostprocessing = 0;
		};
/* End PBXSourcesBuildPhase section */

/* Begin PBXTargetDependency section */
		F0E9F1111DE2A43F001C96B5 /* PBXTargetDependency */ = {
			isa = PBXTargetDependency;
			target = F0E9F0F81DE2A43F001C96B5 /* SwiftRssSample */;
			targetProxy = F0E9F1101DE2A43F001C96B5 /* PBXContainerItemProxy */;
		};
		F0E9F11C1DE2A43F001C96B5 /* PBXTargetDependency */ = {
			isa = PBXTargetDependency;
			target = F0E9F0F81DE2A43F001C96B5 /* SwiftRssSample */;
			targetProxy = F0E9F11B1DE2A43F001C96B5 /* PBXContainerItemProxy */;
		};
/* End PBXTargetDependency section */

/* Begin PBXVariantGroup section */
		F0E9F1021DE2A43F001C96B5 /* Main.storyboard */ = {
			isa = PBXVariantGroup;
			children = (
				F0E9F1031DE2A43F001C96B5 /* Base */,
			);
			name = Main.storyboard;
			sourceTree = "<group>";
		};
		F0E9F1071DE2A43F001C96B5 /* LaunchScreen.storyboard */ = {
			isa = PBXVariantGroup;
			children = (
				F0E9F1081DE2A43F001C96B5 /* Base */,
			);
			name = LaunchScreen.storyboard;
			sourceTree = "<group>";
		};
/* End PBXVariantGroup section */

/* Begin XCBuildConfiguration section */
		F0E9F1211DE2A43F001C96B5 /* Debug */ = {
			isa = XCBuildConfiguration;
			buildSettings = {
				ALWAYS_SEARCH_USER_PATHS = NO;
				CLANG_ANALYZER_NONNULL = YES;
				CLANG_CXX_LANGUAGE_STANDARD = "gnu++0x";
				CLANG_CXX_LIBRARY = "libc++";
				CLANG_ENABLE_MODULES = YES;
				CLANG_ENABLE_OBJC_ARC = YES;
				CLANG_WARN_BOOL_CONVERSION = YES;
				CLANG_WARN_CONSTANT_CONVERSION = YES;
				CLANG_WARN_DIRECT_OBJC_ISA_USAGE = YES_ERROR;
				CLANG_WARN_DOCUMENTATION_COMMENTS = YES;
				CLANG_WARN_EMPTY_BODY = YES;
				CLANG_WARN_ENUM_CONVERSION = YES;
				CLANG_WARN_INFINITE_RECURSION = YES;
				CLANG_WARN_INT_CONVERSION = YES;
				CLANG_WARN_OBJC_ROOT_CLASS = YES_ERROR;
				CLANG_WARN_SUSPICIOUS_MOVES = YES;
				CLANG_WARN_UNREACHABLE_CODE = YES;
				CLANG_WARN__DUPLICATE_METHOD_MATCH = YES;
				"CODE_SIGN_IDENTITY[sdk=iphoneos*]" = "iPhone Developer";
				COPY_PHASE_STRIP = NO;
				DEBUG_INFORMATION_FORMAT = dwarf;
				ENABLE_STRICT_OBJC_MSGSEND = YES;
				ENABLE_TESTABILITY = YES;
				GCC_C_LANGUAGE_STANDARD = gnu99;
				GCC_DYNAMIC_NO_PIC = NO;
				GCC_NO_COMMON_BLOCKS = YES;
				GCC_OPTIMIZATION_LEVEL = 0;
				GCC_PREPROCESSOR_DEFINITIONS = (
					"DEBUG=1",
					"$(inherited)",
				);
				GCC_WARN_64_TO_32_BIT_CONVERSION = YES;
				GCC_WARN_ABOUT_RETURN_TYPE = YES_ERROR;
				GCC_WARN_UNDECLARED_SELECTOR = YES;
				GCC_WARN_UNINITIALIZED_AUTOS = YES_AGGRESSIVE;
				GCC_WARN_UNUSED_FUNCTION = YES;
				GCC_WARN_UNUSED_VARIABLE = YES;
				IPHONEOS_DEPLOYMENT_TARGET = 10.1;
				MTL_ENABLE_DEBUG_INFO = YES;
				ONLY_ACTIVE_ARCH = YES;
				SDKROOT = iphoneos;
				SWIFT_ACTIVE_COMPILATION_CONDITIONS = DEBUG;
				SWIFT_OPTIMIZATION_LEVEL = "-Onone";
				TARGETED_DEVICE_FAMILY = "1,2";
			};
			name = Debug;
		};
		F0E9F1221DE2A43F001C96B5 /* Release */ = {
			isa = XCBuildConfiguration;
			buildSettings = {
				ALWAYS_SEARCH_USER_PATHS = NO;
				CLANG_ANALYZER_NONNULL = YES;
				CLANG_CXX_LANGUAGE_STANDARD = "gnu++0x";
				CLANG_CXX_LIBRARY = "libc++";
				CLANG_ENABLE_MODULES = YES;
				CLANG_ENABLE_OBJC_ARC = YES;
				CLANG_WARN_BOOL_CONVERSION = YES;
				CLANG_WARN_CONSTANT_CONVERSION = YES;
				CLANG_WARN_DIRECT_OBJC_ISA_USAGE = YES_ERROR;
				CLANG_WARN_DOCUMENTATION_COMMENTS = YES;
				CLANG_WARN_EMPTY_BODY = YES;
				CLANG_WARN_ENUM_CONVERSION = YES;
				CLANG_WARN_INFINITE_RECURSION = YES;
				CLANG_WARN_INT_CONVERSION = YES;
				CLANG_WARN_OBJC_ROOT_CLASS = YES_ERROR;
				CLANG_WARN_SUSPICIOUS_MOVES = YES;
				CLANG_WARN_UNREACHABLE_CODE = YES;
				CLANG_WARN__DUPLICATE_METHOD_MATCH = YES;
				"CODE_SIGN_IDENTITY[sdk=iphoneos*]" = "iPhone Developer";
				COPY_PHASE_STRIP = NO;
				DEBUG_INFORMATION_FORMAT = "dwarf-with-dsym";
				ENABLE_NS_ASSERTIONS = NO;
				ENABLE_STRICT_OBJC_MSGSEND = YES;
				GCC_C_LANGUAGE_STANDARD = gnu99;
				GCC_NO_COMMON_BLOCKS = YES;
				GCC_WARN_64_TO_32_BIT_CONVERSION = YES;
				GCC_WARN_ABOUT_RETURN_TYPE = YES_ERROR;
				GCC_WARN_UNDECLARED_SELECTOR = YES;
				GCC_WARN_UNINITIALIZED_AUTOS = YES_AGGRESSIVE;
				GCC_WARN_UNUSED_FUNCTION = YES;
				GCC_WARN_UNUSED_VARIABLE = YES;
				IPHONEOS_DEPLOYMENT_TARGET = 10.1;
				MTL_ENABLE_DEBUG_INFO = NO;
				SDKROOT = iphoneos;
				SWIFT_OPTIMIZATION_LEVEL = "-Owholemodule";
				TARGETED_DEVICE_FAMILY = "1,2";
				VALIDATE_PRODUCT = YES;
			};
			name = Release;
		};
		F0E9F1241DE2A43F001C96B5 /* Debug */ = {
			isa = XCBuildConfiguration;
			buildSettings = {
				ASSETCATALOG_COMPILER_APPICON_NAME = AppIcon;
				DEVELOPMENT_TEAM = F35G39V2UB;
				INFOPLIST_FILE = SwiftRssSample/Info.plist;
				LD_RUNPATH_SEARCH_PATHS = "$(inherited) @executable_path/Frameworks";
				PRODUCT_BUNDLE_IDENTIFIER = jp.co.JchanKchan.SwiftRssSample;
				PRODUCT_NAME = "$(TARGET_NAME)";
				SWIFT_VERSION = 3.0;
			};
			name = Debug;
		};
		F0E9F1251DE2A43F001C96B5 /* Release */ = {
			isa = XCBuildConfiguration;
			buildSettings = {
				ASSETCATALOG_COMPILER_APPICON_NAME = AppIcon;
				DEVELOPMENT_TEAM = F35G39V2UB;
				INFOPLIST_FILE = SwiftRssSample/Info.plist;
				LD_RUNPATH_SEARCH_PATHS = "$(inherited) @executable_path/Frameworks";
				PRODUCT_BUNDLE_IDENTIFIER = jp.co.JchanKchan.SwiftRssSample;
				PRODUCT_NAME = "$(TARGET_NAME)";
				SWIFT_VERSION = 3.0;
			};
			name = Release;
		};
		F0E9F1271DE2A43F001C96B5 /* Debug */ = {
			isa = XCBuildConfiguration;
			buildSettings = {
				ALWAYS_EMBED_SWIFT_STANDARD_LIBRARIES = YES;
				BUNDLE_LOADER = "$(TEST_HOST)";
				DEVELOPMENT_TEAM = F35G39V2UB;
				INFOPLIST_FILE = SwiftRssSampleTests/Info.plist;
				LD_RUNPATH_SEARCH_PATHS = "$(inherited) @executable_path/Frameworks @loader_path/Frameworks";
				PRODUCT_BUNDLE_IDENTIFIER = jp.co.JchanKchan.SwiftRssSampleTests;
				PRODUCT_NAME = "$(TARGET_NAME)";
				SWIFT_VERSION = 3.0;
				TEST_HOST = "$(BUILT_PRODUCTS_DIR)/SwiftRssSample.app/SwiftRssSample";
			};
			name = Debug;
		};
		F0E9F1281DE2A43F001C96B5 /* Release */ = {
			isa = XCBuildConfiguration;
			buildSettings = {
				ALWAYS_EMBED_SWIFT_STANDARD_LIBRARIES = YES;
				BUNDLE_LOADER = "$(TEST_HOST)";
				DEVELOPMENT_TEAM = F35G39V2UB;
				INFOPLIST_FILE = SwiftRssSampleTests/Info.plist;
				LD_RUNPATH_SEARCH_PATHS = "$(inherited) @executable_path/Frameworks @loader_path/Frameworks";
				PRODUCT_BUNDLE_IDENTIFIER = jp.co.JchanKchan.SwiftRssSampleTests;
				PRODUCT_NAME = "$(TARGET_NAME)";
				SWIFT_VERSION = 3.0;
				TEST_HOST = "$(BUILT_PRODUCTS_DIR)/SwiftRssSample.app/SwiftRssSample";
			};
			name = Release;
		};
		F0E9F12A1DE2A43F001C96B5 /* Debug */ = {
			isa = XCBuildConfiguration;
			buildSettings = {
				ALWAYS_EMBED_SWIFT_STANDARD_LIBRARIES = YES;
				DEVELOPMENT_TEAM = F35G39V2UB;
				INFOPLIST_FILE = SwiftRssSampleUITests/Info.plist;
				LD_RUNPATH_SEARCH_PATHS = "$(inherited) @executable_path/Frameworks @loader_path/Frameworks";
				PRODUCT_BUNDLE_IDENTIFIER = jp.co.JchanKchan.SwiftRssSampleUITests;
				PRODUCT_NAME = "$(TARGET_NAME)";
				SWIFT_VERSION = 3.0;
				TEST_TARGET_NAME = SwiftRssSample;
			};
			name = Debug;
		};
		F0E9F12B1DE2A43F001C96B5 /* Release */ = {
			isa = XCBuildConfiguration;
			buildSettings = {
				ALWAYS_EMBED_SWIFT_STANDARD_LIBRARIES = YES;
				DEVELOPMENT_TEAM = F35G39V2UB;
				INFOPLIST_FILE = SwiftRssSampleUITests/Info.plist;
				LD_RUNPATH_SEARCH_PATHS = "$(inherited) @executable_path/Frameworks @loader_path/Frameworks";
				PRODUCT_BUNDLE_IDENTIFIER = jp.co.JchanKchan.SwiftRssSampleUITests;
				PRODUCT_NAME = "$(TARGET_NAME)";
				SWIFT_VERSION = 3.0;
				TEST_TARGET_NAME = SwiftRssSample;
			};
			name = Release;
		};
/* End XCBuildConfiguration section */

/* Begin XCConfigurationList section */
		F0E9F0F41DE2A43F001C96B5 /* Build configuration list for PBXProject "SwiftRssSample" */ = {
			isa = XCConfigurationList;
			buildConfigurations = (
				F0E9F1211DE2A43F001C96B5 /* Debug */,
				F0E9F1221DE2A43F001C96B5 /* Release */,
			);
			defaultConfigurationIsVisible = 0;
			defaultConfigurationName = Release;
		};
		F0E9F1231DE2A43F001C96B5 /* Build configuration list for PBXNativeTarget "SwiftRssSample" */ = {
			isa = XCConfigurationList;
			buildConfigurations = (
				F0E9F1241DE2A43F001C96B5 /* Debug */,
				F0E9F1251DE2A43F001C96B5 /* Release */,
			);
			defaultConfigurationIsVisible = 0;
		};
		F0E9F1261DE2A43F001C96B5 /* Build configuration list for PBXNativeTarget "SwiftRssSampleTests" */ = {
			isa = XCConfigurationList;
			buildConfigurations = (
				F0E9F1271DE2A43F001C96B5 /* Debug */,
				F0E9F1281DE2A43F001C96B5 /* Release */,
			);
			defaultConfigurationIsVisible = 0;
		};
		F0E9F1291DE2A43F001C96B5 /* Build configuration list for PBXNativeTarget "SwiftRssSampleUITests" */ = {
			isa = XCConfigurationList;
			buildConfigurations = (
				F0E9F12A1DE2A43F001C96B5 /* Debug */,
				F0E9F12B1DE2A43F001C96B5 /* Release */,
			);
			defaultConfigurationIsVisible = 0;
		};
/* End XCConfigurationList section */
	};
	rootObject = F0E9F0F11DE2A43F001C96B5 /* Project object */;
}
